
Microsoft Visual Studio Solution File, Format Version 12.00
# Visual Studio 15
VisualStudioVersion = 15.0.28307.902
MinimumVisualStudioVersion = 10.0.40219.1
Project("{FAE04EC0-301F-11D3-BF4B-00C04F79EFBC}") = "Calculadora1", "Calculadora1\Calculadora1.csproj", "{F8B84B30-5A03-4C16-97AC-031DAB26D157}"
EndProject
Global
	GlobalSection(SolutionConfigurationPlatforms) = preSolution
		Debug|Any CPU = Debug|Any CPU
		Release|Any CPU = Release|Any CPU
	EndGlobalSection
	GlobalSection(ProjectConfigurationPlatforms) = postSolution
		{F8B84B30-5A03-4C16-97AC-031DAB26D157}.Debug|Any CPU.ActiveCfg = Debug|Any CPU
		{F8B84B30-5A03-4C16-97AC-031DAB26D157}.Debug|Any CPU.Build.0 = Debug|Any CPU
		{F8B84B30-5A03-4C16-97AC-031DAB26D157}.Release|Any CPU.ActiveCfg = Release|Any CPU
		{F8B84B30-5A03-4C16-97AC-031DAB26D157}.Release|Any CPU.Build.0 = Release|Any CPU
	EndGlobalSection
	GlobalSection(SolutionProperties) = preSolution
		HideSolutionNode = FALSE
	EndGlobalSection
	GlobalSection(ExtensibilityGlobals) = postSolution
		SolutionGuid = {C1063702-5383-48CF-91E2-62AFA668A183}
	EndGlobalSection
EndGlobal
